
Microsoft Visual Studio Solution File, Format Version 12.00
# Visual Studio Version 17
VisualStudioVersion = 17.13.35931.197 d17.13
MinimumVisualStudioVersion = 10.0.40219.1
Project("{8BC9CEB8-8B4A-11D0-8D11-00A0C91BC942}") = "Sandbox", "Sandbox\Sandbox.vcxproj", "{916A8C50-8C6F-4E5E-9E46-6FA940153F3D}"
EndProject
Project("{8BC9CEB8-8B4A-11D0-8D11-00A0C91BC942}") = "Atoz", "Atoz\Atoz.vcxproj", "{29428E3A-ACF2-414A-9DED-7D004DA14A6D}"
EndProject
Global
	GlobalSection(SolutionConfigurationPlatforms) = preSolution
		Debug|x64 = Debug|x64
		Release|x64 = Release|x64
	EndGlobalSection
	GlobalSection(ProjectConfigurationPlatforms) = postSolution
		{29428E3A-ACF2-414A-9DED-7D004DA14A6D}.Debug|x64.ActiveCfg = Debug|x64
		{29428E3A-ACF2-414A-9DED-7D004DA14A6D}.Debug|x64.Build.0 = Debug|x64
		{29428E3A-ACF2-414A-9DED-7D004DA14A6D}.Release|x64.ActiveCfg = Release|x64
		{29428E3A-ACF2-414A-9DED-7D004DA14A6D}.Release|x64.Build.0 = Release|x64
		{916A8C50-8C6F-4E5E-9E46-6FA940153F3D}.Debug|x64.ActiveCfg = Debug|x64
		{916A8C50-8C6F-4E5E-9E46-6FA940153F3D}.Debug|x64.Build.0 = Debug|x64
		{916A8C50-8C6F-4E5E-9E46-6FA940153F3D}.Release|x64.ActiveCfg = Release|x64
		{916A8C50-8C6F-4E5E-9E46-6FA940153F3D}.Release|x64.Build.0 = Release|x64
	EndGlobalSection
	GlobalSection(SolutionProperties) = preSolution
		HideSolutionNode = FALSE
	EndGlobalSection
	GlobalSection(ExtensibilityGlobals) = postSolution
		SolutionGuid = {DF662E06-89E4-4F3A-B323-07959B427C16}
	EndGlobalSection
EndGlobal
